
Microsoft Visual Studio Solution File, Format Version 12.00
# Visual Studio Version 16
VisualStudioVersion = 16.0.31321.278
MinimumVisualStudioVersion = 10.0.40219.1
Project("{FAE04EC0-301F-11D3-BF4B-00C04F79EFBC}") = "RoutingIsFun", "RoutingIsFun\RoutingIsFun.csproj", "{4F72A185-CCCD-4471-984F-2FCCB9286398}"
EndProject
Global
	GlobalSection(SolutionConfigurationPlatforms) = preSolution
		Debug|Any CPU = Debug|Any CPU
		Release|Any CPU = Release|Any CPU
	EndGlobalSection
	GlobalSection(ProjectConfigurationPlatforms) = postSolution
		{4F72A185-CCCD-4471-984F-2FCCB9286398}.Debug|Any CPU.ActiveCfg = Debug|Any CPU
		{4F72A185-CCCD-4471-984F-2FCCB9286398}.Debug|Any CPU.Build.0 = Debug|Any CPU
		{4F72A185-CCCD-4471-984F-2FCCB9286398}.Release|Any CPU.ActiveCfg = Release|Any CPU
		{4F72A185-CCCD-4471-984F-2FCCB9286398}.Release|Any CPU.Build.0 = Release|Any CPU
	EndGlobalSection
	GlobalSection(SolutionProperties) = preSolution
		HideSolutionNode = FALSE
	EndGlobalSection
	GlobalSection(ExtensibilityGlobals) = postSolution
		SolutionGuid = {D350E05C-F8BC-476B-B44D-4D92B9C72730}
	EndGlobalSection
EndGlobal
